
Microsoft Visual Studio Solution File, Format Version 12.00
# Visual Studio Version 17
VisualStudioVersion = 17.3.32929.385
MinimumVisualStudioVersion = 10.0.40219.1
Project("{FAE04EC0-301F-11D3-BF4B-00C04F79EFBC}") = "THA_W6_MEGAN_R", "THA_W6_MEGAN_R\THA_W6_MEGAN_R.csproj", "{DFA31A3D-0EF0-49BC-92F7-21E372328941}"
EndProject
Global
	GlobalSection(SolutionConfigurationPlatforms) = preSolution
		Debug|Any CPU = Debug|Any CPU
		Release|Any CPU = Release|Any CPU
	EndGlobalSection
	GlobalSection(ProjectConfigurationPlatforms) = postSolution
		{DFA31A3D-0EF0-49BC-92F7-21E372328941}.Debug|Any CPU.ActiveCfg = Debug|Any CPU
		{DFA31A3D-0EF0-49BC-92F7-21E372328941}.Debug|Any CPU.Build.0 = Debug|Any CPU
		{DFA31A3D-0EF0-49BC-92F7-21E372328941}.Release|Any CPU.ActiveCfg = Release|Any CPU
		{DFA31A3D-0EF0-49BC-92F7-21E372328941}.Release|Any CPU.Build.0 = Release|Any CPU
	EndGlobalSection
	GlobalSection(SolutionProperties) = preSolution
		HideSolutionNode = FALSE
	EndGlobalSection
	GlobalSection(ExtensibilityGlobals) = postSolution
		SolutionGuid = {6552008B-E5C0-48B5-BD76-EC557EF9256E}
	EndGlobalSection
EndGlobal
